{
	"name": "@vue-responsive-dash/fusioncharts",
	"version": "0.1.3",
	"lockfileVersion": 1,
	"requires": true,
	"dependencies": {
		"@babel/runtime": {
			"version": "7.4.5",
			"resolved": "https://registry.npmjs.org/@babel/runtime/-/runtime-7.4.5.tgz",
			"integrity": "sha512-TuI4qpWZP6lGOGIuGWtp9sPluqYICmbk8T/1vpSysqJxRPkudh/ofFWyqdcMsDf2s7KvDL4/YHgKyvcS3g9CJQ==",
			"requires": {
				"regenerator-runtime": "^0.13.2"
			}
		},
		"@fusioncharts/charts": {
			"version": "3.15.1",
			"resolved": "https://registry.npmjs.org/@fusioncharts/charts/-/charts-3.15.1.tgz",
			"integrity": "sha512-NP1R8xYfMrfYqdjAB1S3KcvD7Bh/zUupu9auTi7e1i/uhRx04rE/wQrcSjJVw+DehtgkM7nezj3cbb92HCltHw==",
			"requires": {
				"@babel/runtime": "7.4.5",
				"@fusioncharts/core": "^1.0.3",
				"@fusioncharts/features": "^1.0.3",
				"@fusioncharts/utils": "^1.0.3"
			}
		},
		"@fusioncharts/constructor": {
			"version": "1.0.4",
			"resolved": "https://registry.npmjs.org/@fusioncharts/constructor/-/constructor-1.0.4.tgz",
			"integrity": "sha512-qWp8iwMDWcEkzYZ8qyR7l8m/SXe7NSXim5EaoL292aLeHLfEPaF7MACvFFszW99M0X8aYgF4SxMNMUCW9YsWaQ==",
			"requires": {
				"@babel/runtime": "7.4.5",
				"@fusioncharts/core": "^1.0.4",
				"@fusioncharts/maps": "^3.15.1-sr.1"
			}
		},
		"@fusioncharts/core": {
			"version": "1.0.4",
			"resolved": "https://registry.npmjs.org/@fusioncharts/core/-/core-1.0.4.tgz",
			"integrity": "sha512-KFBdx5xMjIHDHj2j/84aNXeKpnkAfX7FF+Kk/pKTL30uF43hyYI2cOT9A1K+d10D/g12/H5+bb7xnnfiP2G30Q==",
			"requires": {
				"@babel/runtime": "7.4.5",
				"@fusioncharts/utils": "^1.0.4",
				"core-js": "^3.0.1",
				"ramda": "^0.25.0"
			}
		},
		"@fusioncharts/datatable": {
			"version": "1.0.4",
			"resolved": "https://registry.npmjs.org/@fusioncharts/datatable/-/datatable-1.0.4.tgz",
			"integrity": "sha512-4hX3yLNUldAOdMK0aniLtZ8zFsmaj9A83gww7AIFA2TAgO06sHzeGCDNdPh1gBl4v5jlsIc7m7fhUsoI5Jr9ZA==",
			"requires": {
				"@babel/runtime": "7.4.5",
				"@fusioncharts/utils": "^1.0.4"
			}
		},
		"@fusioncharts/features": {
			"version": "1.0.4",
			"resolved": "https://registry.npmjs.org/@fusioncharts/features/-/features-1.0.4.tgz",
			"integrity": "sha512-crlzy44avHQOyWSLc2GxegvQBP4qKDyKefILK4vj/awlvVY/Rs8cp2SIgi5kjjnt3eQKJdu2SWAogWeugZY+bw==",
			"requires": {
				"@babel/runtime": "7.4.5",
				"@fusioncharts/core": "^1.0.4",
				"@fusioncharts/utils": "^1.0.4"
			}
		},
		"@fusioncharts/fusiontime": {
			"version": "2.1.1",
			"resolved": "https://registry.npmjs.org/@fusioncharts/fusiontime/-/fusiontime-2.1.1.tgz",
			"integrity": "sha512-Gnn0iZpoqRhf7MQTbioEaiuYjXb4zW7OjjAnXmOeRD1N+2RYY4Z3G6ukHUQ23bKnWLgNlB3il2oE11s2sVSfqQ==",
			"requires": {
				"@babel/runtime": "7.4.5",
				"@fusioncharts/charts": "^3.15.1-sr.1",
				"@fusioncharts/core": "^1.0.4",
				"@fusioncharts/datatable": "^1.0.4",
				"@fusioncharts/utils": "^1.0.4",
				"ramda": "^0.25.0"
			}
		},
		"@fusioncharts/maps": {
			"version": "3.15.1",
			"resolved": "https://registry.npmjs.org/@fusioncharts/maps/-/maps-3.15.1.tgz",
			"integrity": "sha512-kl2eX256gNtLSdnKcegFubw58opeQ/mq1FtA2eiq5Dh9PFLGT809EyVWILlBfzK3VPe9XnM5mvPJDVJhtAFrPA==",
			"requires": {
				"@babel/runtime": "7.4.5",
				"@fusioncharts/charts": "^3.15.1",
				"@fusioncharts/core": "^1.0.3",
				"@fusioncharts/features": "^1.0.3"
			}
		},
		"@fusioncharts/powercharts": {
			"version": "3.15.1",
			"resolved": "https://registry.npmjs.org/@fusioncharts/powercharts/-/powercharts-3.15.1.tgz",
			"integrity": "sha512-80SUPTs7gg+dqTpMLI8Hvy5wRxmVRdc8Vek3c1oUStRvPFOr8ezcYUPsU6op4KBKAvkETbgeEzSU/kUk5Ph09w==",
			"requires": {
				"@babel/runtime": "7.4.5",
				"@fusioncharts/charts": "^3.15.1",
				"@fusioncharts/core": "^1.0.3",
				"@fusioncharts/utils": "^1.0.3"
			}
		},
		"@fusioncharts/utils": {
			"version": "1.0.4",
			"resolved": "https://registry.npmjs.org/@fusioncharts/utils/-/utils-1.0.4.tgz",
			"integrity": "sha512-beQQJ4I6/robazpJeotZU4CZU7dOUchW9tNThrcSfLv56af7eHsf4tV/k3Nkgl44OFARxv9e+QZOAhnM8GB1OQ==",
			"requires": {
				"@babel/runtime": "7.4.5",
				"ramda": "^0.25.0"
			}
		},
		"@fusioncharts/widgets": {
			"version": "3.15.1",
			"resolved": "https://registry.npmjs.org/@fusioncharts/widgets/-/widgets-3.15.1.tgz",
			"integrity": "sha512-xtuW1O1eAGpkLAxPr8uk9ZiAr3DfD+P0eURVyrTJijaTktzo50s1M256io595daSgwQZ23U0k0Sy6ZnQHyg61g==",
			"requires": {
				"@babel/runtime": "7.4.5",
				"@fusioncharts/charts": "^3.15.1",
				"@fusioncharts/constructor": "^1.0.3",
				"@fusioncharts/core": "^1.0.3",
				"@fusioncharts/features": "^1.0.3",
				"@fusioncharts/utils": "^1.0.3"
			}
		},
		"core-js": {
			"version": "3.6.4",
			"resolved": "https://registry.npmjs.org/core-js/-/core-js-3.6.4.tgz",
			"integrity": "sha512-4paDGScNgZP2IXXilaffL9X7968RuvwlkK3xWtZRVqgd8SYNiVKRJvkFd1aqqEuPfN7E68ZHEp9hDj6lHj4Hyw=="
		},
		"fusioncharts": {
			"version": "3.15.1",
			"resolved": "https://registry.npmjs.org/fusioncharts/-/fusioncharts-3.15.1.tgz",
			"integrity": "sha512-kCYHFA61h9GNyNKpA8XuGFBBQuuMYz04+q+JamfEopNTpWUJcV2E5DzUriprEb6GEvT+kQa62c8YN/KtKheRMw==",
			"requires": {
				"@babel/runtime": "7.4.5",
				"@fusioncharts/charts": "^3.15.1",
				"@fusioncharts/constructor": "^1.0.3",
				"@fusioncharts/core": "^1.0.3",
				"@fusioncharts/datatable": "^1.0.3",
				"@fusioncharts/features": "^1.0.3",
				"@fusioncharts/fusiontime": "^2.1.0",
				"@fusioncharts/maps": "^3.15.1",
				"@fusioncharts/powercharts": "^3.15.1",
				"@fusioncharts/utils": "^1.0.3",
				"@fusioncharts/widgets": "^3.15.1",
				"mutationobserver-shim": "^0.3.3",
				"promise-polyfill": "^8.1.3"
			}
		},
		"mutationobserver-shim": {
			"version": "0.3.3",
			"resolved": "https://registry.npmjs.org/mutationobserver-shim/-/mutationobserver-shim-0.3.3.tgz",
			"integrity": "sha512-gciOLNN8Vsf7YzcqRjKzlAJ6y7e+B86u7i3KXes0xfxx/nfLmozlW1Vn+Sc9x3tPIePFgc1AeIFhtRgkqTjzDQ=="
		},
		"promise-polyfill": {
			"version": "8.1.3",
			"resolved": "https://registry.npmjs.org/promise-polyfill/-/promise-polyfill-8.1.3.tgz",
			"integrity": "sha512-MG5r82wBzh7pSKDRa9y+vllNHz3e3d4CNj1PQE4BQYxLme0gKYYBm9YENq+UkEikyZ0XbiGWxYlVw3Rl9O/U8g=="
		},
		"ramda": {
			"version": "0.25.0",
			"resolved": "https://registry.npmjs.org/ramda/-/ramda-0.25.0.tgz",
			"integrity": "sha512-GXpfrYVPwx3K7RQ6aYT8KPS8XViSXUVJT1ONhoKPE9VAleW42YE+U+8VEyGWt41EnEQW7gwecYJriTI0pKoecQ=="
		},
		"regenerator-runtime": {
			"version": "0.13.5",
			"resolved": "https://registry.npmjs.org/regenerator-runtime/-/regenerator-runtime-0.13.5.tgz",
			"integrity": "sha512-ZS5w8CpKFinUzOwW3c83oPeVXoNsrLsaCoLtJvAClH135j/R77RuymhiSErhm2lKcwSCIpmvIWSbDkIfAqKQlA=="
		},
		"underscore": {
			"version": "1.9.2",
			"resolved": "https://registry.npmjs.org/underscore/-/underscore-1.9.2.tgz",
			"integrity": "sha512-D39qtimx0c1fI3ya1Lnhk3E9nONswSKhnffBI0gME9C99fYOkNi04xs8K6pePLhvl1frbDemkaBQ5ikWllR2HQ=="
		},
		"vue-fusioncharts": {
			"version": "3.0.4",
			"resolved": "https://registry.npmjs.org/vue-fusioncharts/-/vue-fusioncharts-3.0.4.tgz",
			"integrity": "sha512-UX+nIKPIH7mvGF7UscN5e5Skk+MwOXJFO7fdacHLmZ1xBkK32baDNlqmAhjOsHH8Kuw1/9WsEmU6Ga7W1OeqzA==",
			"requires": {
				"underscore": "^1.9.1"
			}
		}
	}
}
