{
	"name": "@vue-responsive-dash/highcharts",
	"version": "0.1.0",
	"lockfileVersion": 1,
	"requires": true,
	"dependencies": {
		"highcharts": {
			"version": "8.0.4",
			"resolved": "https://registry.npmjs.org/highcharts/-/highcharts-8.0.4.tgz",
			"integrity": "sha512-RD86/w7VNwuY96c2Pv16dtZujJ4vg5viiVjbFF/TCrvFpmtQRzBIECG90ww0JtiK6+6TKlwCYf0an+kgQshnRw=="
		},
		"highcharts-vue": {
			"version": "1.3.5",
			"resolved": "https://registry.npmjs.org/highcharts-vue/-/highcharts-vue-1.3.5.tgz",
			"integrity": "sha512-By1kc3m8XoI20pMshs/ue69j4rH6eQioDPoIrtC20RTti4QyvNAx8DisGSO3GAWe9sn50hPk8NsyxcwZIGaz3Q=="
		},
		"lodash": {
			"version": "4.17.15",
			"resolved": "https://registry.npmjs.org/lodash/-/lodash-4.17.15.tgz",
			"integrity": "sha512-8xOcRHvCjnocdS5cpwXQXVzmmh5e5+saE2QGoeQmbKmRS6J3VQppPOIt0MnmE+4xlZoumy0GPG0D0MVIQbNA1A=="
		}
	}
}
